
Microsoft Visual Studio Solution File, Format Version 12.00
# Visual Studio Version 17
VisualStudioVersion = 17.2.32526.322
MinimumVisualStudioVersion = 10.0.40219.1
Project("{FAE04EC0-301F-11D3-BF4B-00C04F79EFBC}") = "Api_teat", "Api_teat\Api_teat.csproj", "{E98F0E22-9B7D-4CCD-8494-6565E548B7E8}"
EndProject
Global
	GlobalSection(SolutionConfigurationPlatforms) = preSolution
		Debug|Any CPU = Debug|Any CPU
		Release|Any CPU = Release|Any CPU
	EndGlobalSection
	GlobalSection(ProjectConfigurationPlatforms) = postSolution
		{E98F0E22-9B7D-4CCD-8494-6565E548B7E8}.Debug|Any CPU.ActiveCfg = Debug|Any CPU
		{E98F0E22-9B7D-4CCD-8494-6565E548B7E8}.Debug|Any CPU.Build.0 = Debug|Any CPU
		{E98F0E22-9B7D-4CCD-8494-6565E548B7E8}.Release|Any CPU.ActiveCfg = Release|Any CPU
		{E98F0E22-9B7D-4CCD-8494-6565E548B7E8}.Release|Any CPU.Build.0 = Release|Any CPU
	EndGlobalSection
	GlobalSection(SolutionProperties) = preSolution
		HideSolutionNode = FALSE
	EndGlobalSection
	GlobalSection(ExtensibilityGlobals) = postSolution
		SolutionGuid = {126AC9EF-C06E-42E1-BF70-1AE5B469F500}
	EndGlobalSection
EndGlobal
